
Microsoft Visual Studio Solution File, Format Version 11.00
# Visual Studio 2010
Project("{8BC9CEB8-8B4A-11D0-8D11-00A0C91BC942}") = "ch341_i2c_24c01c", "ch341_i2c_24c01c\ch341_i2c_24c01c.vcxproj", "{F3F20AB8-2952-48FD-92E4-AE6BF4014DC8}"
EndProject
Global
	GlobalSection(SolutionConfigurationPlatforms) = preSolution
		Debug|Win32 = Debug|Win32
		Release|Win32 = Release|Win32
	EndGlobalSection
	GlobalSection(ProjectConfigurationPlatforms) = postSolution
		{F3F20AB8-2952-48FD-92E4-AE6BF4014DC8}.Debug|Win32.ActiveCfg = Debug|Win32
		{F3F20AB8-2952-48FD-92E4-AE6BF4014DC8}.Debug|Win32.Build.0 = Debug|Win32
		{F3F20AB8-2952-48FD-92E4-AE6BF4014DC8}.Release|Win32.ActiveCfg = Release|Win32
		{F3F20AB8-2952-48FD-92E4-AE6BF4014DC8}.Release|Win32.Build.0 = Release|Win32
	EndGlobalSection
	GlobalSection(SolutionProperties) = preSolution
		HideSolutionNode = FALSE
	EndGlobalSection
EndGlobal
